github.com/fstaffa/hugo-theme-even v0.0.0-20240315070651-01aca38ec169 h1:pMEFWfLILbvQgG47+yw4s4dxtK9xO5lYxRcAtiu9te4=
github.com/fstaffa/hugo-theme-even v0.0.0-20240315070651-01aca38ec169/go.mod h1:0MSQnsnNNULS2edZYzo8KYaCAQaaJ3H+hl9MhxhkqCU=
github.com/fstaffa/hugo-theme-even v0.0.0-20240721102544-05d68380ffde h1:URG9veIsdy+V/rpH1hCwcFQ/AASlRE1GhSAqrvZ88hk=
github.com/fstaffa/hugo-theme-even v0.0.0-20240721102544-05d68380ffde/go.mod h1:0MSQnsnNNULS2edZYzo8KYaCAQaaJ3H+hl9MhxhkqCU=
